
Microsoft Visual Studio Solution File, Format Version 12.00
# Visual Studio 15
VisualStudioVersion = 15.0.28307.168
MinimumVisualStudioVersion = 10.0.40219.1
Project("{2150E333-8FDC-42A3-9474-1A3956D46DE8}") = "Demos", "Demos", "{06E7F2F9-9D5B-40CA-ADA2-E9F6F9ADEB85}"
EndProject
Project("{FAE04EC0-301F-11D3-BF4B-00C04F79EFBC}") = "Trustsoft.Wpf.SingleInstanceApp.Demo.NET35", "Demos\Trustsoft.Wpf.SingleInstanceApp.Demo.NET35\Trustsoft.Wpf.SingleInstanceApp.Demo.NET35.csproj", "{637E7B4D-D69D-424E-8BE9-C3EFEA6BC6FE}"
EndProject
Project("{FAE04EC0-301F-11D3-BF4B-00C04F79EFBC}") = "Trustsoft.Wpf.SingleInstanceApp.Demo.NET40", "Demos\Trustsoft.Wpf.SingleInstanceApp.Demo.NET40\Trustsoft.Wpf.SingleInstanceApp.Demo.NET40.csproj", "{2AE5B68A-8311-4A24-8952-2709ABD8068A}"
EndProject
Project("{FAE04EC0-301F-11D3-BF4B-00C04F79EFBC}") = "Trustsoft.Wpf.SingleInstanceApp.Demo.NET45", "Demos\Trustsoft.Wpf.SingleInstanceApp.Demo.NET45\Trustsoft.Wpf.SingleInstanceApp.Demo.NET45.csproj", "{8B2075DE-B419-46F5-A97F-F4AEC2CAF7E4}"
EndProject
Project("{FAE04EC0-301F-11D3-BF4B-00C04F79EFBC}") = "Trustsoft.Wpf.SingleInstanceApp.Demo.NET46", "Demos\Trustsoft.Wpf.SingleInstanceApp.Demo.NET46\Trustsoft.Wpf.SingleInstanceApp.Demo.NET46.csproj", "{1D88D12C-43A6-4250-9A0E-32BAEC2929F3}"
EndProject
Project("{2150E333-8FDC-42A3-9474-1A3956D46DE8}") = "Solution Items", "Solution Items", "{17630049-F0F4-465B-B222-56C3AD8A6DF4}"
	ProjectSection(SolutionItems) = preProject
		.package\.nuspec = .package\.nuspec
		.build\build.cmd = .build\build.cmd
		README.md = README.md
	EndProjectSection
EndProject
Project("{9A19103F-16F7-4668-BE54-9A1E7A4F7556}") = "Trustsoft.SingleInstanceApp", "Trustsoft.SingleInstanceApp\Trustsoft.SingleInstanceApp.csproj", "{A8550AEB-43EE-4A8E-9A0E-27B3DA919F8C}"
EndProject
Project("{2150E333-8FDC-42A3-9474-1A3956D46DE8}") = ".shared", ".shared", "{791D6140-A7AB-4DF5-8238-B0563B7221C9}"
	ProjectSection(SolutionItems) = preProject
		Directory.build.props = Directory.build.props
		.shared\msukhanov.snk = .shared\msukhanov.snk
	EndProjectSection
EndProject
Project("{2150E333-8FDC-42A3-9474-1A3956D46DE8}") = ".build", ".build", "{B1200470-5F2E-4AE6-989F-1D312C075B8D}"
	ProjectSection(SolutionItems) = preProject
		.build\build.cmd = .build\build.cmd
		.build\build.Release.cmd = .build\build.Release.cmd
		.build\build.xml = .build\build.xml
		.build\make.Release.cmd = .build\make.Release.cmd
		.build\publish.MyGet.cmd = .build\publish.MyGet.cmd
		.build\publish.NuGet.cmd = .build\publish.NuGet.cmd
	EndProjectSection
EndProject
Global
	GlobalSection(SolutionConfigurationPlatforms) = preSolution
		Debug|Any CPU = Debug|Any CPU
		Release|Any CPU = Release|Any CPU
	EndGlobalSection
	GlobalSection(ProjectConfigurationPlatforms) = postSolution
		{637E7B4D-D69D-424E-8BE9-C3EFEA6BC6FE}.Debug|Any CPU.ActiveCfg = Debug|Any CPU
		{637E7B4D-D69D-424E-8BE9-C3EFEA6BC6FE}.Debug|Any CPU.Build.0 = Debug|Any CPU
		{637E7B4D-D69D-424E-8BE9-C3EFEA6BC6FE}.Release|Any CPU.ActiveCfg = Release|Any CPU
		{637E7B4D-D69D-424E-8BE9-C3EFEA6BC6FE}.Release|Any CPU.Build.0 = Release|Any CPU
		{2AE5B68A-8311-4A24-8952-2709ABD8068A}.Debug|Any CPU.ActiveCfg = Debug|Any CPU
		{2AE5B68A-8311-4A24-8952-2709ABD8068A}.Debug|Any CPU.Build.0 = Debug|Any CPU
		{2AE5B68A-8311-4A24-8952-2709ABD8068A}.Release|Any CPU.ActiveCfg = Release|Any CPU
		{2AE5B68A-8311-4A24-8952-2709ABD8068A}.Release|Any CPU.Build.0 = Release|Any CPU
		{8B2075DE-B419-46F5-A97F-F4AEC2CAF7E4}.Debug|Any CPU.ActiveCfg = Debug|Any CPU
		{8B2075DE-B419-46F5-A97F-F4AEC2CAF7E4}.Debug|Any CPU.Build.0 = Debug|Any CPU
		{8B2075DE-B419-46F5-A97F-F4AEC2CAF7E4}.Release|Any CPU.ActiveCfg = Release|Any CPU
		{8B2075DE-B419-46F5-A97F-F4AEC2CAF7E4}.Release|Any CPU.Build.0 = Release|Any CPU
		{1D88D12C-43A6-4250-9A0E-32BAEC2929F3}.Debug|Any CPU.ActiveCfg = Debug|Any CPU
		{1D88D12C-43A6-4250-9A0E-32BAEC2929F3}.Debug|Any CPU.Build.0 = Debug|Any CPU
		{1D88D12C-43A6-4250-9A0E-32BAEC2929F3}.Release|Any CPU.ActiveCfg = Release|Any CPU
		{1D88D12C-43A6-4250-9A0E-32BAEC2929F3}.Release|Any CPU.Build.0 = Release|Any CPU
		{A8550AEB-43EE-4A8E-9A0E-27B3DA919F8C}.Debug|Any CPU.ActiveCfg = Debug|Any CPU
		{A8550AEB-43EE-4A8E-9A0E-27B3DA919F8C}.Debug|Any CPU.Build.0 = Debug|Any CPU
		{A8550AEB-43EE-4A8E-9A0E-27B3DA919F8C}.Release|Any CPU.ActiveCfg = Release|Any CPU
		{A8550AEB-43EE-4A8E-9A0E-27B3DA919F8C}.Release|Any CPU.Build.0 = Release|Any CPU
	EndGlobalSection
	GlobalSection(SolutionProperties) = preSolution
		HideSolutionNode = FALSE
	EndGlobalSection
	GlobalSection(NestedProjects) = preSolution
		{637E7B4D-D69D-424E-8BE9-C3EFEA6BC6FE} = {06E7F2F9-9D5B-40CA-ADA2-E9F6F9ADEB85}
		{2AE5B68A-8311-4A24-8952-2709ABD8068A} = {06E7F2F9-9D5B-40CA-ADA2-E9F6F9ADEB85}
		{8B2075DE-B419-46F5-A97F-F4AEC2CAF7E4} = {06E7F2F9-9D5B-40CA-ADA2-E9F6F9ADEB85}
		{1D88D12C-43A6-4250-9A0E-32BAEC2929F3} = {06E7F2F9-9D5B-40CA-ADA2-E9F6F9ADEB85}
	EndGlobalSection
	GlobalSection(ExtensibilityGlobals) = postSolution
		SolutionGuid = {AF1F98FD-1037-4A5D-877A-8C6584310AB9}
	EndGlobalSection
EndGlobal
